// !$*UTF8*$!
{
	archiveVersion = 1;
	classes = {
	};
	objectVersion = 77;
	objects = {

/* Begin PBXBuildFile section */
		7A0000000000000000000019 /* TalkyKeyboard.appex in Embed Foundation Extensions */ = {isa = PBXBuildFile; fileRef = 7A0000000000000000000005 /* TalkyKeyboard.appex */; settings = {ATTRIBUTES = (RemoveHeadersOnCopy, ); }; };
		7A0000000000000000000033 /* TalkyWidgets.appex in Embed Foundation Extensions */ = {isa = PBXBuildFile; fileRef = 7A0000000000000000000030 /* TalkyWidgets.appex */; settings = {ATTRIBUTES = (RemoveHeadersOnCopy, ); }; };
/* End PBXBuildFile section */

/* Begin PBXContainerItemProxy section */
		7A000000000000000000001A /* PBXContainerItemProxy */ = {
			isa = PBXContainerItemProxy;
			containerPortal = 7A0000000000000000000001 /* Project object */;
			proxyType = 1;
			remoteGlobalIDString = 7A0000000000000000000011;
			remoteInfo = TalkyKeyboard;
		};
		7A0000000000000000000034 /* PBXContainerItemProxy */ = {
			isa = PBXContainerItemProxy;
			containerPortal = 7A0000000000000000000001 /* Project object */;
			proxyType = 1;
			remoteGlobalIDString = 7A0000000000000000000036;
			remoteInfo = TalkyWidgets;
		};
/* End PBXContainerItemProxy section */

/* Begin PBXCopyFilesBuildPhase section */
		7A0000000000000000000015 /* Embed Foundation Extensions */ = {
			isa = PBXCopyFilesBuildPhase;
			buildActionMask = 2147483647;
			dstPath = "";
			dstSubfolderSpec = 13;
			files = (
				7A0000000000000000000019 /* TalkyKeyboard.appex in Embed Foundation Extensions */,
				7A0000000000000000000033 /* TalkyWidgets.appex in Embed Foundation Extensions */,
			);
			name = "Embed Foundation Extensions";
			runOnlyForDeploymentPostprocessing = 0;
		};
/* End PBXCopyFilesBuildPhase section */

/* Begin PBXFileReference section */
		7A0000000000000000000004 /* Talky.app */ = {isa = PBXFileReference; explicitFileType = wrapper.application; includeInIndex = 0; path = Talky.app; sourceTree = BUILT_PRODUCTS_DIR; };
		7A0000000000000000000005 /* TalkyKeyboard.appex */ = {isa = PBXFileReference; explicitFileType = "wrapper.app-extension"; includeInIndex = 0; path = TalkyKeyboard.appex; sourceTree = BUILT_PRODUCTS_DIR; };
		7A0000000000000000000030 /* TalkyWidgets.appex */ = {isa = PBXFileReference; explicitFileType = "wrapper.app-extension"; includeInIndex = 0; path = TalkyWidgets.appex; sourceTree = BUILT_PRODUCTS_DIR; };
/* End PBXFileReference section */

/* Begin PBXFileSystemSynchronizedRootGroup section */
		7A0000000000000000000006 /* App */ = {isa = PBXFileSystemSynchronizedRootGroup; path = App; sourceTree = "<group>"; };
		7A0000000000000000000007 /* Keyboard */ = {isa = PBXFileSystemSynchronizedRootGroup; path = Keyboard; sourceTree = "<group>"; };
		7A0000000000000000000008 /* Shared */ = {isa = PBXFileSystemSynchronizedRootGroup; path = Shared; sourceTree = "<group>"; };
		7A0000000000000000000009 /* Config */ = {isa = PBXFileSystemSynchronizedRootGroup; path = Config; sourceTree = "<group>"; };
		7A0000000000000000000031 /* Widgets */ = {isa = PBXFileSystemSynchronizedRootGroup; path = Widgets; sourceTree = "<group>"; };
		7A0000000000000000000032 /* LiveActivity */ = {isa = PBXFileSystemSynchronizedRootGroup; path = LiveActivity; sourceTree = "<group>"; };
/* End PBXFileSystemSynchronizedRootGroup section */

/* Begin PBXFrameworksBuildPhase section */
		7A0000000000000000000013 /* Frameworks */ = {
			isa = PBXFrameworksBuildPhase;
			buildActionMask = 2147483647;
			files = (
			);
			runOnlyForDeploymentPostprocessing = 0;
		};
		7A0000000000000000000017 /* Frameworks */ = {
			isa = PBXFrameworksBuildPhase;
			buildActionMask = 2147483647;
			files = (
			);
			runOnlyForDeploymentPostprocessing = 0;
		};
		7A0000000000000000000038 /* Frameworks */ = {
			isa = PBXFrameworksBuildPhase;
			buildActionMask = 2147483647;
			files = (
			);
			runOnlyForDeploymentPostprocessing = 0;
		};
/* End PBXFrameworksBuildPhase section */

/* Begin PBXGroup section */
		7A0000000000000000000002 = {
			isa = PBXGroup;
			children = (
				7A0000000000000000000006 /* App */,
				7A0000000000000000000007 /* Keyboard */,
				7A0000000000000000000008 /* Shared */,
				7A0000000000000000000031 /* Widgets */,
				7A0000000000000000000032 /* LiveActivity */,
				7A0000000000000000000009 /* Config */,
				7A0000000000000000000003 /* Products */,
			);
			sourceTree = "<group>";
		};
		7A0000000000000000000003 /* Products */ = {
			isa = PBXGroup;
			children = (
				7A0000000000000000000004 /* Talky.app */,
				7A0000000000000000000005 /* TalkyKeyboard.appex */,
				7A0000000000000000000030 /* TalkyWidgets.appex */,
			);
			name = Products;
			sourceTree = "<group>";
		};
/* End PBXGroup section */

/* Begin PBXNativeTarget section */
		7A0000000000000000000010 /* Talky */ = {
			isa = PBXNativeTarget;
			buildConfigurationList = 7A0000000000000000000023 /* Build configuration list for PBXNativeTarget "Talky" */;
			buildPhases = (
				7A0000000000000000000012 /* Sources */,
				7A0000000000000000000013 /* Frameworks */,
				7A0000000000000000000014 /* Resources */,
				7A0000000000000000000015 /* Embed Foundation Extensions */,
			);
			buildRules = (
			);
			dependencies = (
				7A000000000000000000001B /* PBXTargetDependency */,
				7A0000000000000000000035 /* PBXTargetDependency */,
			);
			fileSystemSynchronizedGroups = (
				7A0000000000000000000006 /* App */,
				7A0000000000000000000008 /* Shared */,
				7A0000000000000000000032 /* LiveActivity */,
			);
			name = Talky;
			packageProductDependencies = (
			);
			productName = Talky;
			productReference = 7A0000000000000000000004 /* Talky.app */;
			productType = "com.apple.product-type.application";
		};
		7A0000000000000000000011 /* TalkyKeyboard */ = {
			isa = PBXNativeTarget;
			buildConfigurationList = 7A0000000000000000000026 /* Build configuration list for PBXNativeTarget "TalkyKeyboard" */;
			buildPhases = (
				7A0000000000000000000016 /* Sources */,
				7A0000000000000000000017 /* Frameworks */,
				7A0000000000000000000018 /* Resources */,
			);
			buildRules = (
			);
			dependencies = (
			);
			fileSystemSynchronizedGroups = (
				7A0000000000000000000007 /* Keyboard */,
				7A0000000000000000000008 /* Shared */,
			);
			name = TalkyKeyboard;
			packageProductDependencies = (
			);
			productName = TalkyKeyboard;
			productReference = 7A0000000000000000000005 /* TalkyKeyboard.appex */;
			productType = "com.apple.product-type.app-extension";
		};
		7A0000000000000000000036 /* TalkyWidgets */ = {
			isa = PBXNativeTarget;
			buildConfigurationList = 7A000000000000000000003A /* Build configuration list for PBXNativeTarget "TalkyWidgets" */;
			buildPhases = (
				7A0000000000000000000037 /* Sources */,
				7A0000000000000000000038 /* Frameworks */,
				7A0000000000000000000039 /* Resources */,
			);
			buildRules = (
			);
			dependencies = (
			);
			fileSystemSynchronizedGroups = (
				7A0000000000000000000031 /* Widgets */,
				7A0000000000000000000032 /* LiveActivity */,
				7A0000000000000000000008 /* Shared */,
			);
			name = TalkyWidgets;
			packageProductDependencies = (
			);
			productName = TalkyWidgets;
			productReference = 7A0000000000000000000030 /* TalkyWidgets.appex */;
			productType = "com.apple.product-type.app-extension";
		};
/* End PBXNativeTarget section */

/* Begin PBXProject section */
		7A0000000000000000000001 /* Project object */ = {
			isa = PBXProject;
			attributes = {
				BuildIndependentTargetsInParallel = 1;
				LastSwiftUpdateCheck = 2700;
				LastUpgradeCheck = 2700;
				TargetAttributes = {
					7A0000000000000000000010 = {
						CreatedOnToolsVersion = 27.0;
					};
					7A0000000000000000000011 = {
						CreatedOnToolsVersion = 27.0;
					};
					7A0000000000000000000036 = {
						CreatedOnToolsVersion = 27.0;
					};
				};
			};
			buildConfigurationList = 7A0000000000000000000020 /* Build configuration list for PBXProject "Talky" */;
			developmentRegion = "zh-Hant";
			hasScannedForEncodings = 0;
			knownRegions = (
				Base,
				"zh-Hant",
				en,
			);
			mainGroup = 7A0000000000000000000002;
			minimizedProjectReferenceProxies = 1;
			preferredProjectObjectVersion = 77;
			productRefGroup = 7A0000000000000000000003 /* Products */;
			projectDirPath = "";
			projectRoot = "";
			targets = (
				7A0000000000000000000010 /* Talky */,
				7A0000000000000000000011 /* TalkyKeyboard */,
				7A0000000000000000000036 /* TalkyWidgets */,
			);
		};
/* End PBXProject section */

/* Begin PBXResourcesBuildPhase section */
		7A0000000000000000000014 /* Resources */ = {
			isa = PBXResourcesBuildPhase;
			buildActionMask = 2147483647;
			files = (
			);
			runOnlyForDeploymentPostprocessing = 0;
		};
		7A0000000000000000000018 /* Resources */ = {
			isa = PBXResourcesBuildPhase;
			buildActionMask = 2147483647;
			files = (
			);
			runOnlyForDeploymentPostprocessing = 0;
		};
		7A0000000000000000000039 /* Resources */ = {
			isa = PBXResourcesBuildPhase;
			buildActionMask = 2147483647;
			files = (
			);
			runOnlyForDeploymentPostprocessing = 0;
		};
/* End PBXResourcesBuildPhase section */

/* Begin PBXSourcesBuildPhase section */
		7A0000000000000000000012 /* Sources */ = {
			isa = PBXSourcesBuildPhase;
			buildActionMask = 2147483647;
			files = (
			);
			runOnlyForDeploymentPostprocessing = 0;
		};
		7A0000000000000000000016 /* Sources */ = {
			isa = PBXSourcesBuildPhase;
			buildActionMask = 2147483647;
			files = (
			);
			runOnlyForDeploymentPostprocessing = 0;
		};
		7A0000000000000000000037 /* Sources */ = {
			isa = PBXSourcesBuildPhase;
			buildActionMask = 2147483647;
			files = (
			);
			runOnlyForDeploymentPostprocessing = 0;
		};
/* End PBXSourcesBuildPhase section */

/* Begin PBXTargetDependency section */
		7A000000000000000000001B /* PBXTargetDependency */ = {
			isa = PBXTargetDependency;
			target = 7A0000000000000000000011 /* TalkyKeyboard */;
			targetProxy = 7A000000000000000000001A /* PBXContainerItemProxy */;
		};
		7A0000000000000000000035 /* PBXTargetDependency */ = {
			isa = PBXTargetDependency;
			target = 7A0000000000000000000036 /* TalkyWidgets */;
			targetProxy = 7A0000000000000000000034 /* PBXContainerItemProxy */;
		};
/* End PBXTargetDependency section */

/* Begin XCBuildConfiguration section */
		7A0000000000000000000021 /* Debug */ = {
			isa = XCBuildConfiguration;
			buildSettings = {
				ALWAYS_SEARCH_USER_PATHS = NO;
				ASSETCATALOG_COMPILER_GENERATE_SWIFT_ASSET_SYMBOL_EXTENSIONS = YES;
				CLANG_ENABLE_MODULES = YES;
				CLANG_ENABLE_OBJC_ARC = YES;
				CODE_SIGN_STYLE = Automatic;
				COPY_PHASE_STRIP = NO;
				DEBUG_INFORMATION_FORMAT = dwarf;
				DEVELOPMENT_TEAM = CP6J9DCLQL;
				ENABLE_STRICT_OBJC_MSGSEND = YES;
				ENABLE_TESTABILITY = YES;
				ENABLE_USER_SCRIPT_SANDBOXING = YES;
				GCC_OPTIMIZATION_LEVEL = 0;
				IPHONEOS_DEPLOYMENT_TARGET = 26.0;
				LOCALIZATION_PREFERS_STRING_CATALOGS = YES;
				ONLY_ACTIVE_ARCH = YES;
				SDKROOT = iphoneos;
				SWIFT_ACTIVE_COMPILATION_CONDITIONS = "DEBUG $(inherited)";
				SWIFT_OPTIMIZATION_LEVEL = "-Onone";
				SWIFT_VERSION = 5.0;
			};
			name = Debug;
		};
		7A0000000000000000000022 /* Release */ = {
			isa = XCBuildConfiguration;
			buildSettings = {
				ALWAYS_SEARCH_USER_PATHS = NO;
				ASSETCATALOG_COMPILER_GENERATE_SWIFT_ASSET_SYMBOL_EXTENSIONS = YES;
				CLANG_ENABLE_MODULES = YES;
				CLANG_ENABLE_OBJC_ARC = YES;
				CODE_SIGN_STYLE = Automatic;
				COPY_PHASE_STRIP = NO;
				DEBUG_INFORMATION_FORMAT = "dwarf-with-dsym";
				DEVELOPMENT_TEAM = CP6J9DCLQL;
				ENABLE_NS_ASSERTIONS = NO;
				ENABLE_STRICT_OBJC_MSGSEND = YES;
				ENABLE_USER_SCRIPT_SANDBOXING = YES;
				IPHONEOS_DEPLOYMENT_TARGET = 26.0;
				LOCALIZATION_PREFERS_STRING_CATALOGS = YES;
				SDKROOT = iphoneos;
				SWIFT_COMPILATION_MODE = wholemodule;
				SWIFT_OPTIMIZATION_LEVEL = "-O";
				SWIFT_VERSION = 5.0;
				VALIDATE_PRODUCT = YES;
			};
			name = Release;
		};
		7A0000000000000000000024 /* Debug */ = {
			isa = XCBuildConfiguration;
			buildSettings = {
				ASSETCATALOG_COMPILER_APPICON_NAME = AppIcon;
				CODE_SIGN_ENTITLEMENTS = Config/Talky.entitlements;
				CURRENT_PROJECT_VERSION = 1;
				GENERATE_INFOPLIST_FILE = YES;
				INFOPLIST_FILE = "Config/Talky-Info.plist";
				INFOPLIST_KEY_CFBundleDisplayName = Talky;
				INFOPLIST_KEY_LSApplicationCategoryType = "public.app-category.productivity";
				INFOPLIST_KEY_NSMicrophoneUsageDescription = "Talky 需要麥克風，才能把你講的話變成文字。聲音只在這支手機上辨識。";
				INFOPLIST_KEY_NSSpeechRecognitionUsageDescription = "Talky 用 iPhone 內建的語音辨識把聲音轉成文字，全程在手機上處理。";
				INFOPLIST_KEY_UIApplicationSceneManifest_Generation = YES;
				INFOPLIST_KEY_UIApplicationSupportsIndirectInputEvents = YES;
				INFOPLIST_KEY_UILaunchScreen_Generation = YES;
				INFOPLIST_KEY_UISupportedInterfaceOrientations_iPhone = UIInterfaceOrientationPortrait;
				INFOPLIST_KEY_NSSupportsLiveActivities = YES;
				LD_RUNPATH_SEARCH_PATHS = (
					"$(inherited)",
					"@executable_path/Frameworks",
				);
				MARKETING_VERSION = 0.1.0;
				PRODUCT_BUNDLE_IDENTIFIER = ltd.intention.talky.ios;
				PRODUCT_NAME = Talky;
				SUPPORTED_PLATFORMS = "iphoneos iphonesimulator";
				SUPPORTS_MACCATALYST = NO;
				SWIFT_ACTIVE_COMPILATION_CONDITIONS = "TALKY_APP $(inherited)";
				SWIFT_EMIT_LOC_STRINGS = YES;
				TARGETED_DEVICE_FAMILY = 1;
			};
			name = Debug;
		};
		7A0000000000000000000025 /* Release */ = {
			isa = XCBuildConfiguration;
			buildSettings = {
				ASSETCATALOG_COMPILER_APPICON_NAME = AppIcon;
				CODE_SIGN_ENTITLEMENTS = Config/Talky.entitlements;
				CURRENT_PROJECT_VERSION = 1;
				GENERATE_INFOPLIST_FILE = YES;
				INFOPLIST_FILE = "Config/Talky-Info.plist";
				INFOPLIST_KEY_CFBundleDisplayName = Talky;
				INFOPLIST_KEY_LSApplicationCategoryType = "public.app-category.productivity";
				INFOPLIST_KEY_NSMicrophoneUsageDescription = "Talky 需要麥克風，才能把你講的話變成文字。聲音只在這支手機上辨識。";
				INFOPLIST_KEY_NSSpeechRecognitionUsageDescription = "Talky 用 iPhone 內建的語音辨識把聲音轉成文字，全程在手機上處理。";
				INFOPLIST_KEY_UIApplicationSceneManifest_Generation = YES;
				INFOPLIST_KEY_UIApplicationSupportsIndirectInputEvents = YES;
				INFOPLIST_KEY_UILaunchScreen_Generation = YES;
				INFOPLIST_KEY_UISupportedInterfaceOrientations_iPhone = UIInterfaceOrientationPortrait;
				INFOPLIST_KEY_NSSupportsLiveActivities = YES;
				LD_RUNPATH_SEARCH_PATHS = (
					"$(inherited)",
					"@executable_path/Frameworks",
				);
				MARKETING_VERSION = 0.1.0;
				PRODUCT_BUNDLE_IDENTIFIER = ltd.intention.talky.ios;
				PRODUCT_NAME = Talky;
				SUPPORTED_PLATFORMS = "iphoneos iphonesimulator";
				SUPPORTS_MACCATALYST = NO;
				SWIFT_ACTIVE_COMPILATION_CONDITIONS = "TALKY_APP $(inherited)";
				SWIFT_EMIT_LOC_STRINGS = YES;
				TARGETED_DEVICE_FAMILY = 1;
			};
			name = Release;
		};
		7A0000000000000000000027 /* Debug */ = {
			isa = XCBuildConfiguration;
			buildSettings = {
				APPLICATION_EXTENSION_API_ONLY = YES;
				CODE_SIGN_ENTITLEMENTS = Config/TalkyKeyboard.entitlements;
				CURRENT_PROJECT_VERSION = 1;
				GENERATE_INFOPLIST_FILE = YES;
				INFOPLIST_FILE = "Config/TalkyKeyboard-Info.plist";
				INFOPLIST_KEY_CFBundleDisplayName = Talky;
				LD_RUNPATH_SEARCH_PATHS = (
					"$(inherited)",
					"@executable_path/Frameworks",
					"@executable_path/../../Frameworks",
				);
				MARKETING_VERSION = 0.1.0;
				PRODUCT_BUNDLE_IDENTIFIER = ltd.intention.talky.ios.keyboard;
				PRODUCT_NAME = TalkyKeyboard;
				SKIP_INSTALL = YES;
				SUPPORTED_PLATFORMS = "iphoneos iphonesimulator";
				SUPPORTS_MACCATALYST = NO;
				SWIFT_EMIT_LOC_STRINGS = YES;
				TARGETED_DEVICE_FAMILY = 1;
			};
			name = Debug;
		};
		7A0000000000000000000028 /* Release */ = {
			isa = XCBuildConfiguration;
			buildSettings = {
				APPLICATION_EXTENSION_API_ONLY = YES;
				CODE_SIGN_ENTITLEMENTS = Config/TalkyKeyboard.entitlements;
				CURRENT_PROJECT_VERSION = 1;
				GENERATE_INFOPLIST_FILE = YES;
				INFOPLIST_FILE = "Config/TalkyKeyboard-Info.plist";
				INFOPLIST_KEY_CFBundleDisplayName = Talky;
				LD_RUNPATH_SEARCH_PATHS = (
					"$(inherited)",
					"@executable_path/Frameworks",
					"@executable_path/../../Frameworks",
				);
				MARKETING_VERSION = 0.1.0;
				PRODUCT_BUNDLE_IDENTIFIER = ltd.intention.talky.ios.keyboard;
				PRODUCT_NAME = TalkyKeyboard;
				SKIP_INSTALL = YES;
				SUPPORTED_PLATFORMS = "iphoneos iphonesimulator";
				SUPPORTS_MACCATALYST = NO;
				SWIFT_EMIT_LOC_STRINGS = YES;
				TARGETED_DEVICE_FAMILY = 1;
			};
			name = Release;
		};
		7A000000000000000000003B /* Debug */ = {
			isa = XCBuildConfiguration;
			buildSettings = {
				APPLICATION_EXTENSION_API_ONLY = YES;
				CURRENT_PROJECT_VERSION = 1;
				GENERATE_INFOPLIST_FILE = YES;
				INFOPLIST_FILE = "Config/TalkyWidgets-Info.plist";
				INFOPLIST_KEY_CFBundleDisplayName = Talky;
				LD_RUNPATH_SEARCH_PATHS = (
					"$(inherited)",
					"@executable_path/Frameworks",
					"@executable_path/../../Frameworks",
				);
				MARKETING_VERSION = 0.1.0;
				PRODUCT_BUNDLE_IDENTIFIER = ltd.intention.talky.ios.widgets;
				PRODUCT_NAME = TalkyWidgets;
				SKIP_INSTALL = YES;
				SUPPORTED_PLATFORMS = "iphoneos iphonesimulator";
				SUPPORTS_MACCATALYST = NO;
				SWIFT_EMIT_LOC_STRINGS = YES;
				TARGETED_DEVICE_FAMILY = 1;
			};
			name = Debug;
		};
		7A000000000000000000003C /* Release */ = {
			isa = XCBuildConfiguration;
			buildSettings = {
				APPLICATION_EXTENSION_API_ONLY = YES;
				CURRENT_PROJECT_VERSION = 1;
				GENERATE_INFOPLIST_FILE = YES;
				INFOPLIST_FILE = "Config/TalkyWidgets-Info.plist";
				INFOPLIST_KEY_CFBundleDisplayName = Talky;
				LD_RUNPATH_SEARCH_PATHS = (
					"$(inherited)",
					"@executable_path/Frameworks",
					"@executable_path/../../Frameworks",
				);
				MARKETING_VERSION = 0.1.0;
				PRODUCT_BUNDLE_IDENTIFIER = ltd.intention.talky.ios.widgets;
				PRODUCT_NAME = TalkyWidgets;
				SKIP_INSTALL = YES;
				SUPPORTED_PLATFORMS = "iphoneos iphonesimulator";
				SUPPORTS_MACCATALYST = NO;
				SWIFT_EMIT_LOC_STRINGS = YES;
				TARGETED_DEVICE_FAMILY = 1;
			};
			name = Release;
		};
/* End XCBuildConfiguration section */

/* Begin XCConfigurationList section */
		7A0000000000000000000020 /* Build configuration list for PBXProject "Talky" */ = {
			isa = XCConfigurationList;
			buildConfigurations = (
				7A0000000000000000000021 /* Debug */,
				7A0000000000000000000022 /* Release */,
			);
			defaultConfigurationIsVisible = 0;
			defaultConfigurationName = Release;
		};
		7A0000000000000000000023 /* Build configuration list for PBXNativeTarget "Talky" */ = {
			isa = XCConfigurationList;
			buildConfigurations = (
				7A0000000000000000000024 /* Debug */,
				7A0000000000000000000025 /* Release */,
			);
			defaultConfigurationIsVisible = 0;
			defaultConfigurationName = Release;
		};
		7A0000000000000000000026 /* Build configuration list for PBXNativeTarget "TalkyKeyboard" */ = {
			isa = XCConfigurationList;
			buildConfigurations = (
				7A0000000000000000000027 /* Debug */,
				7A0000000000000000000028 /* Release */,
			);
			defaultConfigurationIsVisible = 0;
			defaultConfigurationName = Release;
		};
		7A000000000000000000003A /* Build configuration list for PBXNativeTarget "TalkyWidgets" */ = {
			isa = XCConfigurationList;
			buildConfigurations = (
				7A000000000000000000003B /* Debug */,
				7A000000000000000000003C /* Release */,
			);
			defaultConfigurationIsVisible = 0;
			defaultConfigurationName = Release;
		};
/* End XCConfigurationList section */
	};
	rootObject = 7A0000000000000000000001 /* Project object */;
}
